
Microsoft Visual Studio Solution File, Format Version 12.00
# Visual Studio Version 17
VisualStudioVersion = 17.8.34330.188
MinimumVisualStudioVersion = 10.0.40219.1
Project("{FAE04EC0-301F-11D3-BF4B-00C04F79EFBC}") = "Calculator", "Calculator.csproj", "{C6F9B4D9-C473-4572-9474-91538C77E817}"
EndProject
Global
	GlobalSection(SolutionConfigurationPlatforms) = preSolution
		Debug|Any CPU = Debug|Any CPU
		Release|Any CPU = Release|Any CPU
	EndGlobalSection
	GlobalSection(ProjectConfigurationPlatforms) = postSolution
		{C6F9B4D9-C473-4572-9474-91538C77E817}.Debug|Any CPU.ActiveCfg = Debug|Any CPU
		{C6F9B4D9-C473-4572-9474-91538C77E817}.Debug|Any CPU.Build.0 = Debug|Any CPU
		{C6F9B4D9-C473-4572-9474-91538C77E817}.Release|Any CPU.ActiveCfg = Release|Any CPU
		{C6F9B4D9-C473-4572-9474-91538C77E817}.Release|Any CPU.Build.0 = Release|Any CPU
	EndGlobalSection
	GlobalSection(SolutionProperties) = preSolution
		HideSolutionNode = FALSE
	EndGlobalSection
	GlobalSection(ExtensibilityGlobals) = postSolution
		SolutionGuid = {722935D8-2D51-43E3-B414-9F6BEFC9369A}
	EndGlobalSection
EndGlobal
